
Microsoft Visual Studio Solution File, Format Version 12.00
# Visual Studio Version 16
VisualStudioVersion = 16.0.30717.126
MinimumVisualStudioVersion = 10.0.40219.1
Project("{9A19103F-16F7-4668-BE54-9A1E7A4F7556}") = "DataAceess", "DataAceess\DataAceess.csproj", "{ECBD08A9-5503-48FF-9383-E0C94459D79E}"
EndProject
Project("{9A19103F-16F7-4668-BE54-9A1E7A4F7556}") = "MaMishaVisage", "MaMishaVisage\MaMishaVisage.csproj", "{F2952872-5342-42B6-8DE1-5B0AD40A78D1}"
EndProject
Global
	GlobalSection(SolutionConfigurationPlatforms) = preSolution
		Debug|Any CPU = Debug|Any CPU
		Release|Any CPU = Release|Any CPU
	EndGlobalSection
	GlobalSection(ProjectConfigurationPlatforms) = postSolution
		{ECBD08A9-5503-48FF-9383-E0C94459D79E}.Debug|Any CPU.ActiveCfg = Debug|Any CPU
		{ECBD08A9-5503-48FF-9383-E0C94459D79E}.Debug|Any CPU.Build.0 = Debug|Any CPU
		{ECBD08A9-5503-48FF-9383-E0C94459D79E}.Release|Any CPU.ActiveCfg = Release|Any CPU
		{ECBD08A9-5503-48FF-9383-E0C94459D79E}.Release|Any CPU.Build.0 = Release|Any CPU
		{F2952872-5342-42B6-8DE1-5B0AD40A78D1}.Debug|Any CPU.ActiveCfg = Debug|Any CPU
		{F2952872-5342-42B6-8DE1-5B0AD40A78D1}.Debug|Any CPU.Build.0 = Debug|Any CPU
		{F2952872-5342-42B6-8DE1-5B0AD40A78D1}.Release|Any CPU.ActiveCfg = Release|Any CPU
		{F2952872-5342-42B6-8DE1-5B0AD40A78D1}.Release|Any CPU.Build.0 = Release|Any CPU
	EndGlobalSection
	GlobalSection(SolutionProperties) = preSolution
		HideSolutionNode = FALSE
	EndGlobalSection
	GlobalSection(ExtensibilityGlobals) = postSolution
		SolutionGuid = {4924635A-F56A-4B5B-8331-772D0570F86E}
	EndGlobalSection
EndGlobal
